
Microsoft Visual Studio Solution File, Format Version 12.00
# Visual Studio Version 17
VisualStudioVersion = 17.8.34511.84
MinimumVisualStudioVersion = 10.0.40219.1
Project("{9A19103F-16F7-4668-BE54-9A1E7A4F7556}") = "API_FinalTask", "API_FinalTask.csproj", "{DC454AEF-AEE5-4F16-8B0D-D3BE88A0F73B}"
EndProject
Global
	GlobalSection(SolutionConfigurationPlatforms) = preSolution
		Debug|Any CPU = Debug|Any CPU
		Release|Any CPU = Release|Any CPU
	EndGlobalSection
	GlobalSection(ProjectConfigurationPlatforms) = postSolution
		{DC454AEF-AEE5-4F16-8B0D-D3BE88A0F73B}.Debug|Any CPU.ActiveCfg = Debug|Any CPU
		{DC454AEF-AEE5-4F16-8B0D-D3BE88A0F73B}.Debug|Any CPU.Build.0 = Debug|Any CPU
		{DC454AEF-AEE5-4F16-8B0D-D3BE88A0F73B}.Release|Any CPU.ActiveCfg = Release|Any CPU
		{DC454AEF-AEE5-4F16-8B0D-D3BE88A0F73B}.Release|Any CPU.Build.0 = Release|Any CPU
	EndGlobalSection
	GlobalSection(SolutionProperties) = preSolution
		HideSolutionNode = FALSE
	EndGlobalSection
	GlobalSection(ExtensibilityGlobals) = postSolution
		SolutionGuid = {6513BC73-9A8F-4846-948A-0C7BDB1C123D}
	EndGlobalSection
EndGlobal
